// !$*UTF8*$!
{
	archiveVersion = 1;
	classes = {
	};
	objectVersion = 50;
	objects = {

/* Begin PBXBuildFile section */
		834D32042652F2C900858425 /* AppDelegate.swift in Sources */ = {isa = PBXBuildFile; fileRef = 834D32032652F2C900858425 /* AppDelegate.swift */; };
		834D32062652F2C900858425 /* SceneDelegate.swift in Sources */ = {isa = PBXBuildFile; fileRef = 834D32052652F2C900858425 /* SceneDelegate.swift */; };
		834D32082652F2C900858425 /* ViewController.swift in Sources */ = {isa = PBXBuildFile; fileRef = 834D32072652F2C900858425 /* ViewController.swift */; };
		834D320B2652F2C900858425 /* Main.storyboard in Resources */ = {isa = PBXBuildFile; fileRef = 834D32092652F2C900858425 /* Main.storyboard */; };
		834D320D2652F2CA00858425 /* Assets.xcassets in Resources */ = {isa = PBXBuildFile; fileRef = 834D320C2652F2CA00858425 /* Assets.xcassets */; };
		834D32102652F2CA00858425 /* LaunchScreen.storyboard in Resources */ = {isa = PBXBuildFile; fileRef = 834D320E2652F2CA00858425 /* LaunchScreen.storyboard */; };
		834D321B2652F2CA00858425 /* StargazersTests.swift in Sources */ = {isa = PBXBuildFile; fileRef = 834D321A2652F2CA00858425 /* StargazersTests.swift */; };
		834D32262652F2CA00858425 /* StargazersUITests.swift in Sources */ = {isa = PBXBuildFile; fileRef = 834D32252652F2CA00858425 /* StargazersUITests.swift */; };
/* End PBXBuildFile section */

/* Begin PBXContainerItemProxy section */
		834D32172652F2CA00858425 /* PBXContainerItemProxy */ = {
			isa = PBXContainerItemProxy;
			containerPortal = 834D31F82652F2C900858425 /* Project object */;
			proxyType = 1;
			remoteGlobalIDString = 834D31FF2652F2C900858425;
			remoteInfo = Stargazers;
		};
		834D32222652F2CA00858425 /* PBXContainerItemProxy */ = {
			isa = PBXContainerItemProxy;
			containerPortal = 834D31F82652F2C900858425 /* Project object */;
			proxyType = 1;
			remoteGlobalIDString = 834D31FF2652F2C900858425;
			remoteInfo = Stargazers;
		};
/* End PBXContainerItemProxy section */

/* Begin PBXFileReference section */
		834D32002652F2C900858425 /* Stargazers.app */ = {isa = PBXFileReference; explicitFileType = wrapper.application; includeInIndex = 0; path = Stargazers.app; sourceTree = BUILT_PRODUCTS_DIR; };
		834D32032652F2C900858425 /* AppDelegate.swift */ = {isa = PBXFileReference; lastKnownFileType = sourcecode.swift; path = AppDelegate.swift; sourceTree = "<group>"; };
		834D32052652F2C900858425 /* SceneDelegate.swift */ = {isa = PBXFileReference; lastKnownFileType = sourcecode.swift; path = SceneDelegate.swift; sourceTree = "<group>"; };
		834D32072652F2C900858425 /* ViewController.swift */ = {isa = PBXFileReference; lastKnownFileType = sourcecode.swift; path = ViewController.swift; sourceTree = "<group>"; };
		834D320A2652F2C900858425 /* Base */ = {isa = PBXFileReference; lastKnownFileType = file.storyboard; name = Base; path = Base.lproj/Main.storyboard; sourceTree = "<group>"; };
		834D320C2652F2CA00858425 /* Assets.xcassets */ = {isa = PBXFileReference; lastKnownFileType = folder.assetcatalog; path = Assets.xcassets; sourceTree = "<group>"; };
		834D320F2652F2CA00858425 /* Base */ = {isa = PBXFileReference; lastKnownFileType = file.storyboard; name = Base; path = Base.lproj/LaunchScreen.storyboard; sourceTree = "<group>"; };
		834D32112652F2CA00858425 /* Info.plist */ = {isa = PBXFileReference; lastKnownFileType = text.plist.xml; path = Info.plist; sourceTree = "<group>"; };
		834D32162652F2CA00858425 /* StargazersTests.xctest */ = {isa = PBXFileReference; explicitFileType = wrapper.cfbundle; includeInIndex = 0; path = StargazersTests.xctest; sourceTree = BUILT_PRODUCTS_DIR; };
		834D321A2652F2CA00858425 /* StargazersTests.swift */ = {isa = PBXFileReference; lastKnownFileType = sourcecode.swift; path = StargazersTests.swift; sourceTree = "<group>"; };
		834D321C2652F2CA00858425 /* Info.plist */ = {isa = PBXFileReference; lastKnownFileType = text.plist.xml; path = Info.plist; sourceTree = "<group>"; };
		834D32212652F2CA00858425 /* StargazersUITests.xctest */ = {isa = PBXFileReference; explicitFileType = wrapper.cfbundle; includeInIndex = 0; path = StargazersUITests.xctest; sourceTree = BUILT_PRODUCTS_DIR; };
		834D32252652F2CA00858425 /* StargazersUITests.swift */ = {isa = PBXFileReference; lastKnownFileType = sourcecode.swift; path = StargazersUITests.swift; sourceTree = "<group>"; };
		834D32272652F2CA00858425 /* Info.plist */ = {isa = PBXFileReference; lastKnownFileType = text.plist.xml; path = Info.plist; sourceTree = "<group>"; };
/* End PBXFileReference section */

/* Begin PBXFrameworksBuildPhase section */
		834D31FD2652F2C900858425 /* Frameworks */ = {
			isa = PBXFrameworksBuildPhase;
			buildActionMask = 2147483647;
			files = (
			);
			runOnlyForDeploymentPostprocessing = 0;
		};
		834D32132652F2CA00858425 /* Frameworks */ = {
			isa = PBXFrameworksBuildPhase;
			buildActionMask = 2147483647;
			files = (
			);
			runOnlyForDeploymentPostprocessing = 0;
		};
		834D321E2652F2CA00858425 /* Frameworks */ = {
			isa = PBXFrameworksBuildPhase;
			buildActionMask = 2147483647;
			files = (
			);
			runOnlyForDeploymentPostprocessing = 0;
		};
/* End PBXFrameworksBuildPhase section */

/* Begin PBXGroup section */
		834D31F72652F2C900858425 = {
			isa = PBXGroup;
			children = (
				834D32022652F2C900858425 /* Stargazers */,
				834D32192652F2CA00858425 /* StargazersTests */,
				834D32242652F2CA00858425 /* StargazersUITests */,
				834D32012652F2C900858425 /* Products */,
			);
			sourceTree = "<group>";
		};
		834D32012652F2C900858425 /* Products */ = {
			isa = PBXGroup;
			children = (
				834D32002652F2C900858425 /* Stargazers.app */,
				834D32162652F2CA00858425 /* StargazersTests.xctest */,
				834D32212652F2CA00858425 /* StargazersUITests.xctest */,
			);
			name = Products;
			sourceTree = "<group>";
		};
		834D32022652F2C900858425 /* Stargazers */ = {
			isa = PBXGroup;
			children = (
				834D32032652F2C900858425 /* AppDelegate.swift */,
				834D32052652F2C900858425 /* SceneDelegate.swift */,
				834D32072652F2C900858425 /* ViewController.swift */,
				834D32092652F2C900858425 /* Main.storyboard */,
				834D320C2652F2CA00858425 /* Assets.xcassets */,
				834D320E2652F2CA00858425 /* LaunchScreen.storyboard */,
				834D32112652F2CA00858425 /* Info.plist */,
			);
			path = Stargazers;
			sourceTree = "<group>";
		};
		834D32192652F2CA00858425 /* StargazersTests */ = {
			isa = PBXGroup;
			children = (
				834D321A2652F2CA00858425 /* StargazersTests.swift */,
				834D321C2652F2CA00858425 /* Info.plist */,
			);
			path = StargazersTests;
			sourceTree = "<group>";
		};
		834D32242652F2CA00858425 /* StargazersUITests */ = {
			isa = PBXGroup;
			children = (
				834D32252652F2CA00858425 /* StargazersUITests.swift */,
				834D32272652F2CA00858425 /* Info.plist */,
			);
			path = StargazersUITests;
			sourceTree = "<group>";
		};
/* End PBXGroup section */

/* Begin PBXNativeTarget section */
		834D31FF2652F2C900858425 /* Stargazers */ = {
			isa = PBXNativeTarget;
			buildConfigurationList = 834D322A2652F2CA00858425 /* Build configuration list for PBXNativeTarget "Stargazers" */;
			buildPhases = (
				834D31FC2652F2C900858425 /* Sources */,
				834D31FD2652F2C900858425 /* Frameworks */,
				834D31FE2652F2C900858425 /* Resources */,
			);
			buildRules = (
			);
			dependencies = (
			);
			name = Stargazers;
			productName = Stargazers;
			productReference = 834D32002652F2C900858425 /* Stargazers.app */;
			productType = "com.apple.product-type.application";
		};
		834D32152652F2CA00858425 /* StargazersTests */ = {
			isa = PBXNativeTarget;
			buildConfigurationList = 834D322D2652F2CA00858425 /* Build configuration list for PBXNativeTarget "StargazersTests" */;
			buildPhases = (
				834D32122652F2CA00858425 /* Sources */,
				834D32132652F2CA00858425 /* Frameworks */,
				834D32142652F2CA00858425 /* Resources */,
			);
			buildRules = (
			);
			dependencies = (
				834D32182652F2CA00858425 /* PBXTargetDependency */,
			);
			name = StargazersTests;
			productName = StargazersTests;
			productReference = 834D32162652F2CA00858425 /* StargazersTests.xctest */;
			productType = "com.apple.product-type.bundle.unit-test";
		};
		834D32202652F2CA00858425 /* StargazersUITests */ = {
			isa = PBXNativeTarget;
			buildConfigurationList = 834D32302652F2CA00858425 /* Build configuration list for PBXNativeTarget "StargazersUITests" */;
			buildPhases = (
				834D321D2652F2CA00858425 /* Sources */,
				834D321E2652F2CA00858425 /* Frameworks */,
				834D321F2652F2CA00858425 /* Resources */,
			);
			buildRules = (
			);
			dependencies = (
				834D32232652F2CA00858425 /* PBXTargetDependency */,
			);
			name = StargazersUITests;
			productName = StargazersUITests;
			productReference = 834D32212652F2CA00858425 /* StargazersUITests.xctest */;
			productType = "com.apple.product-type.bundle.ui-testing";
		};
/* End PBXNativeTarget section */

/* Begin PBXProject section */
		834D31F82652F2C900858425 /* Project object */ = {
			isa = PBXProject;
			attributes = {
				LastSwiftUpdateCheck = 1250;
				LastUpgradeCheck = 1250;
				TargetAttributes = {
					834D31FF2652F2C900858425 = {
						CreatedOnToolsVersion = 12.5;
					};
					834D32152652F2CA00858425 = {
						CreatedOnToolsVersion = 12.5;
						TestTargetID = 834D31FF2652F2C900858425;
					};
					834D32202652F2CA00858425 = {
						CreatedOnToolsVersion = 12.5;
						TestTargetID = 834D31FF2652F2C900858425;
					};
				};
			};
			buildConfigurationList = 834D31FB2652F2C900858425 /* Build configuration list for PBXProject "Stargazers" */;
			compatibilityVersion = "Xcode 9.3";
			developmentRegion = en;
			hasScannedForEncodings = 0;
			knownRegions = (
				en,
				Base,
			);
			mainGroup = 834D31F72652F2C900858425;
			productRefGroup = 834D32012652F2C900858425 /* Products */;
			projectDirPath = "";
			projectRoot = "";
			targets = (
				834D31FF2652F2C900858425 /* Stargazers */,
				834D32152652F2CA00858425 /* StargazersTests */,
				834D32202652F2CA00858425 /* StargazersUITests */,
			);
		};
/* End PBXProject section */

/* Begin PBXResourcesBuildPhase section */
		834D31FE2652F2C900858425 /* Resources */ = {
			isa = PBXResourcesBuildPhase;
			buildActionMask = 2147483647;
			files = (
				834D32102652F2CA00858425 /* LaunchScreen.storyboard in Resources */,
				834D320D2652F2CA00858425 /* Assets.xcassets in Resources */,
				834D320B2652F2C900858425 /* Main.storyboard in Resources */,
			);
			runOnlyForDeploymentPostprocessing = 0;
		};
		834D32142652F2CA00858425 /* Resources */ = {
			isa = PBXResourcesBuildPhase;
			buildActionMask = 2147483647;
			files = (
			);
			runOnlyForDeploymentPostprocessing = 0;
		};
		834D321F2652F2CA00858425 /* Resources */ = {
			isa = PBXResourcesBuildPhase;
			buildActionMask = 2147483647;
			files = (
			);
			runOnlyForDeploymentPostprocessing = 0;
		};
/* End PBXResourcesBuildPhase section */

/* Begin PBXSourcesBuildPhase section */
		834D31FC2652F2C900858425 /* Sources */ = {
			isa = PBXSourcesBuildPhase;
			buildActionMask = 2147483647;
			files = (
				834D32082652F2C900858425 /* ViewController.swift in Sources */,
				834D32042652F2C900858425 /* AppDelegate.swift in Sources */,
				834D32062652F2C900858425 /* SceneDelegate.swift in Sources */,
			);
			runOnlyForDeploymentPostprocessing = 0;
		};
		834D32122652F2CA00858425 /* Sources */ = {
			isa = PBXSourcesBuildPhase;
			buildActionMask = 2147483647;
			files = (
				834D321B2652F2CA00858425 /* StargazersTests.swift in Sources */,
			);
			runOnlyForDeploymentPostprocessing = 0;
		};
		834D321D2652F2CA00858425 /* Sources */ = {
			isa = PBXSourcesBuildPhase;
			buildActionMask = 2147483647;
			files = (
				834D32262652F2CA00858425 /* StargazersUITests.swift in Sources */,
			);
			runOnlyForDeploymentPostprocessing = 0;
		};
/* End PBXSourcesBuildPhase section */

/* Begin PBXTargetDependency section */
		834D32182652F2CA00858425 /* PBXTargetDependency */ = {
			isa = PBXTargetDependency;
			target = 834D31FF2652F2C900858425 /* Stargazers */;
			targetProxy = 834D32172652F2CA00858425 /* PBXContainerItemProxy */;
		};
		834D32232652F2CA00858425 /* PBXTargetDependency */ = {
			isa = PBXTargetDependency;
			target = 834D31FF2652F2C900858425 /* Stargazers */;
			targetProxy = 834D32222652F2CA00858425 /* PBXContainerItemProxy */;
		};
/* End PBXTargetDependency section */

/* Begin PBXVariantGroup section */
		834D32092652F2C900858425 /* Main.storyboard */ = {
			isa = PBXVariantGroup;
			children = (
				834D320A2652F2C900858425 /* Base */,
			);
			name = Main.storyboard;
			sourceTree = "<group>";
		};
		834D320E2652F2CA00858425 /* LaunchScreen.storyboard */ = {
			isa = PBXVariantGroup;
			children = (
				834D320F2652F2CA00858425 /* Base */,
			);
			name = LaunchScreen.storyboard;
			sourceTree = "<group>";
		};
/* End PBXVariantGroup section */

/* Begin XCBuildConfiguration section */
		834D32282652F2CA00858425 /* Debug */ = {
			isa = XCBuildConfiguration;
			buildSettings = {
				ALWAYS_SEARCH_USER_PATHS = NO;
				CLANG_ANALYZER_NONNULL = YES;
				CLANG_ANALYZER_NUMBER_OBJECT_CONVERSION = YES_AGGRESSIVE;
				CLANG_CXX_LANGUAGE_STANDARD = "gnu++14";
				CLANG_CXX_LIBRARY = "libc++";
				CLANG_ENABLE_MODULES = YES;
				CLANG_ENABLE_OBJC_ARC = YES;
				CLANG_ENABLE_OBJC_WEAK = YES;
				CLANG_WARN_BLOCK_CAPTURE_AUTORELEASING = YES;
				CLANG_WARN_BOOL_CONVERSION = YES;
				CLANG_WARN_COMMA = YES;
				CLANG_WARN_CONSTANT_CONVERSION = YES;
				CLANG_WARN_DEPRECATED_OBJC_IMPLEMENTATIONS = YES;
				CLANG_WARN_DIRECT_OBJC_ISA_USAGE = YES_ERROR;
				CLANG_WARN_DOCUMENTATION_COMMENTS = YES;
				CLANG_WARN_EMPTY_BODY = YES;
				CLANG_WARN_ENUM_CONVERSION = YES;
				CLANG_WARN_INFINITE_RECURSION = YES;
				CLANG_WARN_INT_CONVERSION = YES;
				CLANG_WARN_NON_LITERAL_NULL_CONVERSION = YES;
				CLANG_WARN_OBJC_IMPLICIT_RETAIN_SELF = YES;
				CLANG_WARN_OBJC_LITERAL_CONVERSION = YES;
				CLANG_WARN_OBJC_ROOT_CLASS = YES_ERROR;
				CLANG_WARN_QUOTED_INCLUDE_IN_FRAMEWORK_HEADER = YES;
				CLANG_WARN_RANGE_LOOP_ANALYSIS = YES;
				CLANG_WARN_STRICT_PROTOTYPES = YES;
				CLANG_WARN_SUSPICIOUS_MOVE = YES;
				CLANG_WARN_UNGUARDED_AVAILABILITY = YES_AGGRESSIVE;
				CLANG_WARN_UNREACHABLE_CODE = YES;
				CLANG_WARN__DUPLICATE_METHOD_MATCH = YES;
				COPY_PHASE_STRIP = NO;
				DEBUG_INFORMATION_FORMAT = dwarf;
				ENABLE_STRICT_OBJC_MSGSEND = YES;
				ENABLE_TESTABILITY = YES;
				GCC_C_LANGUAGE_STANDARD = gnu11;
				GCC_DYNAMIC_NO_PIC = NO;
				GCC_NO_COMMON_BLOCKS = YES;
				GCC_OPTIMIZATION_LEVEL = 0;
				GCC_PREPROCESSOR_DEFINITIONS = (
					"DEBUG=1",
					"$(inherited)",
				);
				GCC_WARN_64_TO_32_BIT_CONVERSION = YES;
				GCC_WARN_ABOUT_RETURN_TYPE = YES_ERROR;
				GCC_WARN_UNDECLARED_SELECTOR = YES;
				GCC_WARN_UNINITIALIZED_AUTOS = YES_AGGRESSIVE;
				GCC_WARN_UNUSED_FUNCTION = YES;
				GCC_WARN_UNUSED_VARIABLE = YES;
				IPHONEOS_DEPLOYMENT_TARGET = 14.5;
				MTL_ENABLE_DEBUG_INFO = INCLUDE_SOURCE;
				MTL_FAST_MATH = YES;
				ONLY_ACTIVE_ARCH = YES;
				SDKROOT = iphoneos;
				SWIFT_ACTIVE_COMPILATION_CONDITIONS = DEBUG;
				SWIFT_OPTIMIZATION_LEVEL = "-Onone";
			};
			name = Debug;
		};
		834D32292652F2CA00858425 /* Release */ = {
			isa = XCBuildConfiguration;
			buildSettings = {
				ALWAYS_SEARCH_USER_PATHS = NO;
				CLANG_ANALYZER_NONNULL = YES;
				CLANG_ANALYZER_NUMBER_OBJECT_CONVERSION = YES_AGGRESSIVE;
				CLANG_CXX_LANGUAGE_STANDARD = "gnu++14";
				CLANG_CXX_LIBRARY = "libc++";
				CLANG_ENABLE_MODULES = YES;
				CLANG_ENABLE_OBJC_ARC = YES;
				CLANG_ENABLE_OBJC_WEAK = YES;
				CLANG_WARN_BLOCK_CAPTURE_AUTORELEASING = YES;
				CLANG_WARN_BOOL_CONVERSION = YES;
				CLANG_WARN_COMMA = YES;
				CLANG_WARN_CONSTANT_CONVERSION = YES;
				CLANG_WARN_DEPRECATED_OBJC_IMPLEMENTATIONS = YES;
				CLANG_WARN_DIRECT_OBJC_ISA_USAGE = YES_ERROR;
				CLANG_WARN_DOCUMENTATION_COMMENTS = YES;
				CLANG_WARN_EMPTY_BODY = YES;
				CLANG_WARN_ENUM_CONVERSION = YES;
				CLANG_WARN_INFINITE_RECURSION = YES;
				CLANG_WARN_INT_CONVERSION = YES;
				CLANG_WARN_NON_LITERAL_NULL_CONVERSION = YES;
				CLANG_WARN_OBJC_IMPLICIT_RETAIN_SELF = YES;
				CLANG_WARN_OBJC_LITERAL_CONVERSION = YES;
				CLANG_WARN_OBJC_ROOT_CLASS = YES_ERROR;
				CLANG_WARN_QUOTED_INCLUDE_IN_FRAMEWORK_HEADER = YES;
				CLANG_WARN_RANGE_LOOP_ANALYSIS = YES;
				CLANG_WARN_STRICT_PROTOTYPES = YES;
				CLANG_WARN_SUSPICIOUS_MOVE = YES;
				CLANG_WARN_UNGUARDED_AVAILABILITY = YES_AGGRESSIVE;
				CLANG_WARN_UNREACHABLE_CODE = YES;
				CLANG_WARN__DUPLICATE_METHOD_MATCH = YES;
				COPY_PHASE_STRIP = NO;
				DEBUG_INFORMATION_FORMAT = "dwarf-with-dsym";
				ENABLE_NS_ASSERTIONS = NO;
				ENABLE_STRICT_OBJC_MSGSEND = YES;
				GCC_C_LANGUAGE_STANDARD = gnu11;
				GCC_NO_COMMON_BLOCKS = YES;
				GCC_WARN_64_TO_32_BIT_CONVERSION = YES;
				GCC_WARN_ABOUT_RETURN_TYPE = YES_ERROR;
				GCC_WARN_UNDECLARED_SELECTOR = YES;
				GCC_WARN_UNINITIALIZED_AUTOS = YES_AGGRESSIVE;
				GCC_WARN_UNUSED_FUNCTION = YES;
				GCC_WARN_UNUSED_VARIABLE = YES;
				IPHONEOS_DEPLOYMENT_TARGET = 14.5;
				MTL_ENABLE_DEBUG_INFO = NO;
				MTL_FAST_MATH = YES;
				SDKROOT = iphoneos;
				SWIFT_COMPILATION_MODE = wholemodule;
				SWIFT_OPTIMIZATION_LEVEL = "-O";
				VALIDATE_PRODUCT = YES;
			};
			name = Release;
		};
		834D322B2652F2CA00858425 /* Debug */ = {
			isa = XCBuildConfiguration;
			buildSettings = {
				ASSETCATALOG_COMPILER_APPICON_NAME = AppIcon;
				ASSETCATALOG_COMPILER_GLOBAL_ACCENT_COLOR_NAME = AccentColor;
				CODE_SIGN_STYLE = Automatic;
				DEVELOPMENT_TEAM = 4Q9TT86Q67;
				INFOPLIST_FILE = Stargazers/Info.plist;
				LD_RUNPATH_SEARCH_PATHS = (
					"$(inherited)",
					"@executable_path/Frameworks",
				);
				PRODUCT_BUNDLE_IDENTIFIER = christian.miranti.Stargazers;
				PRODUCT_NAME = "$(TARGET_NAME)";
				SWIFT_VERSION = 5.0;
				TARGETED_DEVICE_FAMILY = "1,2";
			};
			name = Debug;
		};
		834D322C2652F2CA00858425 /* Release */ = {
			isa = XCBuildConfiguration;
			buildSettings = {
				ASSETCATALOG_COMPILER_APPICON_NAME = AppIcon;
				ASSETCATALOG_COMPILER_GLOBAL_ACCENT_COLOR_NAME = AccentColor;
				CODE_SIGN_STYLE = Automatic;
				DEVELOPMENT_TEAM = 4Q9TT86Q67;
				INFOPLIST_FILE = Stargazers/Info.plist;
				LD_RUNPATH_SEARCH_PATHS = (
					"$(inherited)",
					"@executable_path/Frameworks",
				);
				PRODUCT_BUNDLE_IDENTIFIER = christian.miranti.Stargazers;
				PRODUCT_NAME = "$(TARGET_NAME)";
				SWIFT_VERSION = 5.0;
				TARGETED_DEVICE_FAMILY = "1,2";
			};
			name = Release;
		};
		834D322E2652F2CA00858425 /* Debug */ = {
			isa = XCBuildConfiguration;
			buildSettings = {
				ALWAYS_EMBED_SWIFT_STANDARD_LIBRARIES = YES;
				BUNDLE_LOADER = "$(TEST_HOST)";
				CODE_SIGN_STYLE = Automatic;
				DEVELOPMENT_TEAM = 4Q9TT86Q67;
				INFOPLIST_FILE = StargazersTests/Info.plist;
				IPHONEOS_DEPLOYMENT_TARGET = 14.5;
				LD_RUNPATH_SEARCH_PATHS = (
					"$(inherited)",
					"@executable_path/Frameworks",
					"@loader_path/Frameworks",
				);
				PRODUCT_BUNDLE_IDENTIFIER = christian.miranti.StargazersTests;
				PRODUCT_NAME = "$(TARGET_NAME)";
				SWIFT_VERSION = 5.0;
				TARGETED_DEVICE_FAMILY = "1,2";
				TEST_HOST = "$(BUILT_PRODUCTS_DIR)/Stargazers.app/Stargazers";
			};
			name = Debug;
		};
		834D322F2652F2CA00858425 /* Release */ = {
			isa = XCBuildConfiguration;
			buildSettings = {
				ALWAYS_EMBED_SWIFT_STANDARD_LIBRARIES = YES;
				BUNDLE_LOADER = "$(TEST_HOST)";
				CODE_SIGN_STYLE = Automatic;
				DEVELOPMENT_TEAM = 4Q9TT86Q67;
				INFOPLIST_FILE = StargazersTests/Info.plist;
				IPHONEOS_DEPLOYMENT_TARGET = 14.5;
				LD_RUNPATH_SEARCH_PATHS = (
					"$(inherited)",
					"@executable_path/Frameworks",
					"@loader_path/Frameworks",
				);
				PRODUCT_BUNDLE_IDENTIFIER = christian.miranti.StargazersTests;
				PRODUCT_NAME = "$(TARGET_NAME)";
				SWIFT_VERSION = 5.0;
				TARGETED_DEVICE_FAMILY = "1,2";
				TEST_HOST = "$(BUILT_PRODUCTS_DIR)/Stargazers.app/Stargazers";
			};
			name = Release;
		};
		834D32312652F2CA00858425 /* Debug */ = {
			isa = XCBuildConfiguration;
			buildSettings = {
				ALWAYS_EMBED_SWIFT_STANDARD_LIBRARIES = YES;
				CODE_SIGN_STYLE = Automatic;
				DEVELOPMENT_TEAM = 4Q9TT86Q67;
				INFOPLIST_FILE = StargazersUITests/Info.plist;
				LD_RUNPATH_SEARCH_PATHS = (
					"$(inherited)",
					"@executable_path/Frameworks",
					"@loader_path/Frameworks",
				);
				PRODUCT_BUNDLE_IDENTIFIER = christian.miranti.StargazersUITests;
				PRODUCT_NAME = "$(TARGET_NAME)";
				SWIFT_VERSION = 5.0;
				TARGETED_DEVICE_FAMILY = "1,2";
				TEST_TARGET_NAME = Stargazers;
			};
			name = Debug;
		};
		834D32322652F2CA00858425 /* Release */ = {
			isa = XCBuildConfiguration;
			buildSettings = {
				ALWAYS_EMBED_SWIFT_STANDARD_LIBRARIES = YES;
				CODE_SIGN_STYLE = Automatic;
				DEVELOPMENT_TEAM = 4Q9TT86Q67;
				INFOPLIST_FILE = StargazersUITests/Info.plist;
				LD_RUNPATH_SEARCH_PATHS = (
					"$(inherited)",
					"@executable_path/Frameworks",
					"@loader_path/Frameworks",
				);
				PRODUCT_BUNDLE_IDENTIFIER = christian.miranti.StargazersUITests;
				PRODUCT_NAME = "$(TARGET_NAME)";
				SWIFT_VERSION = 5.0;
				TARGETED_DEVICE_FAMILY = "1,2";
				TEST_TARGET_NAME = Stargazers;
			};
			name = Release;
		};
/* End XCBuildConfiguration section */

/* Begin XCConfigurationList section */
		834D31FB2652F2C900858425 /* Build configuration list for PBXProject "Stargazers" */ = {
			isa = XCConfigurationList;
			buildConfigurations = (
				834D32282652F2CA00858425 /* Debug */,
				834D32292652F2CA00858425 /* Release */,
			);
			defaultConfigurationIsVisible = 0;
			defaultConfigurationName = Release;
		};
		834D322A2652F2CA00858425 /* Build configuration list for PBXNativeTarget "Stargazers" */ = {
			isa = XCConfigurationList;
			buildConfigurations = (
				834D322B2652F2CA00858425 /* Debug */,
				834D322C2652F2CA00858425 /* Release */,
			);
			defaultConfigurationIsVisible = 0;
			defaultConfigurationName = Release;
		};
		834D322D2652F2CA00858425 /* Build configuration list for PBXNativeTarget "StargazersTests" */ = {
			isa = XCConfigurationList;
			buildConfigurations = (
				834D322E2652F2CA00858425 /* Debug */,
				834D322F2652F2CA00858425 /* Release */,
			);
			defaultConfigurationIsVisible = 0;
			defaultConfigurationName = Release;
		};
		834D32302652F2CA00858425 /* Build configuration list for PBXNativeTarget "StargazersUITests" */ = {
			isa = XCConfigurationList;
			buildConfigurations = (
				834D32312652F2CA00858425 /* Debug */,
				834D32322652F2CA00858425 /* Release */,
			);
			defaultConfigurationIsVisible = 0;
			defaultConfigurationName = Release;
		};
/* End XCConfigurationList section */
	};
	rootObject = 834D31F82652F2C900858425 /* Project object */;
}
